// !$*UTF8*$!
{
	archiveVersion = 1;
	classes = {
	};
	objectVersion = 46;
	objects = {

/* Begin PBXBuildFile section */
		351102DF1BA4A7A9006B6987 /* AppDelegate.swift in Sources */ = {isa = PBXBuildFile; fileRef = 351102DE1BA4A7A9006B6987 /* AppDelegate.swift */; settings = {ASSET_TAGS = (); }; };
		351102E51BA4A7D9006B6987 /* LaunchScreen.xib in Resources */ = {isa = PBXBuildFile; fileRef = 351102E11BA4A7D9006B6987 /* LaunchScreen.xib */; settings = {ASSET_TAGS = (); }; };
		351102E81BA4A7E1006B6987 /* ViewController.swift in Sources */ = {isa = PBXBuildFile; fileRef = 351102E71BA4A7E1006B6987 /* ViewController.swift */; settings = {ASSET_TAGS = (); }; };
		351102EA1BA4A7E9006B6987 /* Images.xcassets in Resources */ = {isa = PBXBuildFile; fileRef = 351102E91BA4A7E9006B6987 /* Images.xcassets */; settings = {ASSET_TAGS = (); }; };
		351102ED1BA4A886006B6987 /* libsqlite3.tbd in Frameworks */ = {isa = PBXBuildFile; fileRef = 351102EB1BA4A886006B6987 /* libsqlite3.tbd */; };
		351102EE1BA4A886006B6987 /* libz.tbd in Frameworks */ = {isa = PBXBuildFile; fileRef = 351102EC1BA4A886006B6987 /* libz.tbd */; };
		351102FA1BA4AE3D006B6987 /* TableViewController.swift in Sources */ = {isa = PBXBuildFile; fileRef = 351102F81BA4AE3D006B6987 /* TableViewController.swift */; settings = {ASSET_TAGS = (); }; };
		351102FD1BA4AEA0006B6987 /* DetailViewController.swift in Sources */ = {isa = PBXBuildFile; fileRef = 351102FC1BA4AEA0006B6987 /* DetailViewController.swift */; settings = {ASSET_TAGS = (); }; };
		351103021BA4B067006B6987 /* Main.storyboard in Resources */ = {isa = PBXBuildFile; fileRef = 351103001BA4B067006B6987 /* Main.storyboard */; settings = {ASSET_TAGS = (); }; };
		3554BDE41BA5465400D8D84B /* BloombergObject.swift in Sources */ = {isa = PBXBuildFile; fileRef = 3554BDE31BA5465400D8D84B /* BloombergObject.swift */; settings = {ASSET_TAGS = (); }; };
		3560436F1BA53D2F00EB1B38 /* TableViewCell.swift in Sources */ = {isa = PBXBuildFile; fileRef = 3560436E1BA53D2F00EB1B38 /* TableViewCell.swift */; settings = {ASSET_TAGS = (); }; };
		3C971B371AFCC35A00471316 /* Bolts.framework in Frameworks */ = {isa = PBXBuildFile; fileRef = 3C971B311AFCC35A00471316 /* Bolts.framework */; };
		3C971B381AFCC35A00471316 /* Parse.framework in Frameworks */ = {isa = PBXBuildFile; fileRef = 3C971B321AFCC35A00471316 /* Parse.framework */; };
		3C971B391AFCC35A00471316 /* ParseCrashReporting.framework in Frameworks */ = {isa = PBXBuildFile; fileRef = 3C971B331AFCC35A00471316 /* ParseCrashReporting.framework */; };
		3C971B3A1AFCC35A00471316 /* ParseFacebookUtils.framework in Frameworks */ = {isa = PBXBuildFile; fileRef = 3C971B341AFCC35A00471316 /* ParseFacebookUtils.framework */; };
		3C971B3B1AFCC35A00471316 /* ParseFacebookUtilsV4.framework in Frameworks */ = {isa = PBXBuildFile; fileRef = 3C971B351AFCC35A00471316 /* ParseFacebookUtilsV4.framework */; };
		3C971B3C1AFCC35A00471316 /* ParseUI.framework in Frameworks */ = {isa = PBXBuildFile; fileRef = 3C971B361AFCC35A00471316 /* ParseUI.framework */; };
		3CE3B2021A82878600FF6AD8 /* AudioToolbox.framework in Frameworks */ = {isa = PBXBuildFile; fileRef = 3CE3B2011A82878600FF6AD8 /* AudioToolbox.framework */; };
		3CE3B2041A82879B00FF6AD8 /* CFNetwork.framework in Frameworks */ = {isa = PBXBuildFile; fileRef = 3CE3B2031A82879B00FF6AD8 /* CFNetwork.framework */; };
		3CE3B2061A82BE6B00FF6AD8 /* CoreGraphics.framework in Frameworks */ = {isa = PBXBuildFile; fileRef = 3CE3B2051A82BE6B00FF6AD8 /* CoreGraphics.framework */; };
		3CE3B2081A82BE8800FF6AD8 /* MobileCoreServices.framework in Frameworks */ = {isa = PBXBuildFile; fileRef = 3CE3B2071A82BE8800FF6AD8 /* MobileCoreServices.framework */; };
		3CE3B20A1A82BE9400FF6AD8 /* QuartzCore.framework in Frameworks */ = {isa = PBXBuildFile; fileRef = 3CE3B2091A82BE9400FF6AD8 /* QuartzCore.framework */; };
		3CE3B20C1A82BE9E00FF6AD8 /* Security.framework in Frameworks */ = {isa = PBXBuildFile; fileRef = 3CE3B20B1A82BE9E00FF6AD8 /* Security.framework */; };
		3CE3B20E1A82BEA700FF6AD8 /* StoreKit.framework in Frameworks */ = {isa = PBXBuildFile; fileRef = 3CE3B20D1A82BEA700FF6AD8 /* StoreKit.framework */; };
		3CE3B2101A82BEAF00FF6AD8 /* SystemConfiguration.framework in Frameworks */ = {isa = PBXBuildFile; fileRef = 3CE3B20F1A82BEAF00FF6AD8 /* SystemConfiguration.framework */; };
/* End PBXBuildFile section */

/* Begin PBXFileReference section */
		351102DD1BA4A773006B6987 /* forests-Bridging-Header.h */ = {isa = PBXFileReference; fileEncoding = 4; lastKnownFileType = sourcecode.c.h; path = "forests-Bridging-Header.h"; sourceTree = SOURCE_ROOT; };
		351102DE1BA4A7A9006B6987 /* AppDelegate.swift */ = {isa = PBXFileReference; fileEncoding = 4; lastKnownFileType = sourcecode.swift; name = AppDelegate.swift; path = forests/AppDelegate.swift; sourceTree = SOURCE_ROOT; };
		351102E21BA4A7D9006B6987 /* Base */ = {isa = PBXFileReference; lastKnownFileType = file.xib; name = Base; path = forests/Base.lproj/LaunchScreen.xib; sourceTree = SOURCE_ROOT; };
		351102E71BA4A7E1006B6987 /* ViewController.swift */ = {isa = PBXFileReference; fileEncoding = 4; lastKnownFileType = sourcecode.swift; name = ViewController.swift; path = forests/ViewController.swift; sourceTree = SOURCE_ROOT; };
		351102E91BA4A7E9006B6987 /* Images.xcassets */ = {isa = PBXFileReference; lastKnownFileType = folder.assetcatalog; name = Images.xcassets; path = forests/Images.xcassets; sourceTree = SOURCE_ROOT; };
		351102EB1BA4A886006B6987 /* libsqlite3.tbd */ = {isa = PBXFileReference; lastKnownFileType = "sourcecode.text-based-dylib-definition"; name = libsqlite3.tbd; path = usr/lib/libsqlite3.tbd; sourceTree = SDKROOT; };
		351102EC1BA4A886006B6987 /* libz.tbd */ = {isa = PBXFileReference; lastKnownFileType = "sourcecode.text-based-dylib-definition"; name = libz.tbd; path = usr/lib/libz.tbd; sourceTree = SDKROOT; };
		351102EF1BA4A9C2006B6987 /* Info.plist */ = {isa = PBXFileReference; fileEncoding = 4; lastKnownFileType = text.plist.xml; name = Info.plist; path = forests/Info.plist; sourceTree = SOURCE_ROOT; };
		351102F81BA4AE3D006B6987 /* TableViewController.swift */ = {isa = PBXFileReference; fileEncoding = 4; lastKnownFileType = sourcecode.swift; name = TableViewController.swift; path = forests/TableViewController.swift; sourceTree = SOURCE_ROOT; };
		351102FC1BA4AEA0006B6987 /* DetailViewController.swift */ = {isa = PBXFileReference; fileEncoding = 4; lastKnownFileType = sourcecode.swift; name = DetailViewController.swift; path = forests/DetailViewController.swift; sourceTree = SOURCE_ROOT; };
		351103011BA4B067006B6987 /* Base */ = {isa = PBXFileReference; lastKnownFileType = file.storyboard; name = Base; path = forests/Base.lproj/Main.storyboard; sourceTree = SOURCE_ROOT; };
		3554BDE31BA5465400D8D84B /* BloombergObject.swift */ = {isa = PBXFileReference; fileEncoding = 4; lastKnownFileType = sourcecode.swift; name = BloombergObject.swift; path = forests/BloombergObject.swift; sourceTree = SOURCE_ROOT; };
		3560436E1BA53D2F00EB1B38 /* TableViewCell.swift */ = {isa = PBXFileReference; fileEncoding = 4; lastKnownFileType = sourcecode.swift; name = TableViewCell.swift; path = forests/TableViewCell.swift; sourceTree = SOURCE_ROOT; };
		3C971B311AFCC35A00471316 /* Bolts.framework */ = {isa = PBXFileReference; lastKnownFileType = wrapper.framework; path = Bolts.framework; sourceTree = "<group>"; };
		3C971B321AFCC35A00471316 /* Parse.framework */ = {isa = PBXFileReference; lastKnownFileType = wrapper.framework; path = Parse.framework; sourceTree = "<group>"; };
		3C971B331AFCC35A00471316 /* ParseCrashReporting.framework */ = {isa = PBXFileReference; lastKnownFileType = wrapper.framework; path = ParseCrashReporting.framework; sourceTree = "<group>"; };
		3C971B341AFCC35A00471316 /* ParseFacebookUtils.framework */ = {isa = PBXFileReference; lastKnownFileType = wrapper.framework; path = ParseFacebookUtils.framework; sourceTree = "<group>"; };
		3C971B351AFCC35A00471316 /* ParseFacebookUtilsV4.framework */ = {isa = PBXFileReference; lastKnownFileType = wrapper.framework; path = ParseFacebookUtilsV4.framework; sourceTree = "<group>"; };
		3C971B361AFCC35A00471316 /* ParseUI.framework */ = {isa = PBXFileReference; lastKnownFileType = wrapper.framework; path = ParseUI.framework; sourceTree = "<group>"; };
		3CE3B1D21A82831700FF6AD8 /* forests.app */ = {isa = PBXFileReference; explicitFileType = wrapper.application; includeInIndex = 0; path = forests.app; sourceTree = BUILT_PRODUCTS_DIR; };
		3CE3B2011A82878600FF6AD8 /* AudioToolbox.framework */ = {isa = PBXFileReference; lastKnownFileType = wrapper.framework; name = AudioToolbox.framework; path = System/Library/Frameworks/AudioToolbox.framework; sourceTree = SDKROOT; };
		3CE3B2031A82879B00FF6AD8 /* CFNetwork.framework */ = {isa = PBXFileReference; lastKnownFileType = wrapper.framework; name = CFNetwork.framework; path = System/Library/Frameworks/CFNetwork.framework; sourceTree = SDKROOT; };
		3CE3B2051A82BE6B00FF6AD8 /* CoreGraphics.framework */ = {isa = PBXFileReference; lastKnownFileType = wrapper.framework; name = CoreGraphics.framework; path = System/Library/Frameworks/CoreGraphics.framework; sourceTree = SDKROOT; };
		3CE3B2071A82BE8800FF6AD8 /* MobileCoreServices.framework */ = {isa = PBXFileReference; lastKnownFileType = wrapper.framework; name = MobileCoreServices.framework; path = System/Library/Frameworks/MobileCoreServices.framework; sourceTree = SDKROOT; };
		3CE3B2091A82BE9400FF6AD8 /* QuartzCore.framework */ = {isa = PBXFileReference; lastKnownFileType = wrapper.framework; name = QuartzCore.framework; path = System/Library/Frameworks/QuartzCore.framework; sourceTree = SDKROOT; };
		3CE3B20B1A82BE9E00FF6AD8 /* Security.framework */ = {isa = PBXFileReference; lastKnownFileType = wrapper.framework; name = Security.framework; path = System/Library/Frameworks/Security.framework; sourceTree = SDKROOT; };
		3CE3B20D1A82BEA700FF6AD8 /* StoreKit.framework */ = {isa = PBXFileReference; lastKnownFileType = wrapper.framework; name = StoreKit.framework; path = System/Library/Frameworks/StoreKit.framework; sourceTree = SDKROOT; };
		3CE3B20F1A82BEAF00FF6AD8 /* SystemConfiguration.framework */ = {isa = PBXFileReference; lastKnownFileType = wrapper.framework; name = SystemConfiguration.framework; path = System/Library/Frameworks/SystemConfiguration.framework; sourceTree = SDKROOT; };
/* End PBXFileReference section */

/* Begin PBXFrameworksBuildPhase section */
		3CE3B1CF1A82831700FF6AD8 /* Frameworks */ = {
			isa = PBXFrameworksBuildPhase;
			buildActionMask = 2147483647;
			files = (
				351102ED1BA4A886006B6987 /* libsqlite3.tbd in Frameworks */,
				351102EE1BA4A886006B6987 /* libz.tbd in Frameworks */,
				3C971B3A1AFCC35A00471316 /* ParseFacebookUtils.framework in Frameworks */,
				3CE3B2101A82BEAF00FF6AD8 /* SystemConfiguration.framework in Frameworks */,
				3CE3B20E1A82BEA700FF6AD8 /* StoreKit.framework in Frameworks */,
				3CE3B20C1A82BE9E00FF6AD8 /* Security.framework in Frameworks */,
				3C971B3C1AFCC35A00471316 /* ParseUI.framework in Frameworks */,
				3CE3B20A1A82BE9400FF6AD8 /* QuartzCore.framework in Frameworks */,
				3CE3B2081A82BE8800FF6AD8 /* MobileCoreServices.framework in Frameworks */,
				3CE3B2061A82BE6B00FF6AD8 /* CoreGraphics.framework in Frameworks */,
				3C971B371AFCC35A00471316 /* Bolts.framework in Frameworks */,
				3CE3B2041A82879B00FF6AD8 /* CFNetwork.framework in Frameworks */,
				3C971B381AFCC35A00471316 /* Parse.framework in Frameworks */,
				3CE3B2021A82878600FF6AD8 /* AudioToolbox.framework in Frameworks */,
				3C971B391AFCC35A00471316 /* ParseCrashReporting.framework in Frameworks */,
				3C971B3B1AFCC35A00471316 /* ParseFacebookUtilsV4.framework in Frameworks */,
			);
			runOnlyForDeploymentPostprocessing = 0;
		};
/* End PBXFrameworksBuildPhase section */

/* Begin PBXGroup section */
		3CE3B1C91A82831700FF6AD8 = {
			isa = PBXGroup;
			children = (
				3CE3B2151A82BED300FF6AD8 /* Frameworks */,
				3CE3B1D41A82831700FF6AD8 /* forests */,
				3CE3B1D31A82831700FF6AD8 /* Products */,
			);
			sourceTree = "<group>";
		};
		3CE3B1D31A82831700FF6AD8 /* Products */ = {
			isa = PBXGroup;
			children = (
				3CE3B1D21A82831700FF6AD8 /* forests.app */,
			);
			name = Products;
			sourceTree = "<group>";
		};
		3CE3B1D41A82831700FF6AD8 /* forests */ = {
			isa = PBXGroup;
			children = (
				351102DE1BA4A7A9006B6987 /* AppDelegate.swift */,
				351102E11BA4A7D9006B6987 /* LaunchScreen.xib */,
				351102FC1BA4AEA0006B6987 /* DetailViewController.swift */,
				351103001BA4B067006B6987 /* Main.storyboard */,
				3554BDE31BA5465400D8D84B /* BloombergObject.swift */,
				351102F81BA4AE3D006B6987 /* TableViewController.swift */,
				3560436E1BA53D2F00EB1B38 /* TableViewCell.swift */,
				351102E71BA4A7E1006B6987 /* ViewController.swift */,
				351102E91BA4A7E9006B6987 /* Images.xcassets */,
				3CE3B1D51A82831700FF6AD8 /* Supporting Files */,
			);
			name = forests;
			path = ParseTutorial;
			sourceTree = "<group>";
		};
		3CE3B1D51A82831700FF6AD8 /* Supporting Files */ = {
			isa = PBXGroup;
			children = (
				351102EF1BA4A9C2006B6987 /* Info.plist */,
			);
			name = "Supporting Files";
			sourceTree = "<group>";
		};
		3CE3B2151A82BED300FF6AD8 /* Frameworks */ = {
			isa = PBXGroup;
			children = (
				351102EB1BA4A886006B6987 /* libsqlite3.tbd */,
				351102EC1BA4A886006B6987 /* libz.tbd */,
				3C971B311AFCC35A00471316 /* Bolts.framework */,
				3C971B321AFCC35A00471316 /* Parse.framework */,
				3C971B331AFCC35A00471316 /* ParseCrashReporting.framework */,
				3C971B341AFCC35A00471316 /* ParseFacebookUtils.framework */,
				3C971B351AFCC35A00471316 /* ParseFacebookUtilsV4.framework */,
				3C971B361AFCC35A00471316 /* ParseUI.framework */,
				351102DD1BA4A773006B6987 /* forests-Bridging-Header.h */,
				3CE3B20F1A82BEAF00FF6AD8 /* SystemConfiguration.framework */,
				3CE3B20D1A82BEA700FF6AD8 /* StoreKit.framework */,
				3CE3B20B1A82BE9E00FF6AD8 /* Security.framework */,
				3CE3B2091A82BE9400FF6AD8 /* QuartzCore.framework */,
				3CE3B2071A82BE8800FF6AD8 /* MobileCoreServices.framework */,
				3CE3B2051A82BE6B00FF6AD8 /* CoreGraphics.framework */,
				3CE3B2031A82879B00FF6AD8 /* CFNetwork.framework */,
				3CE3B2011A82878600FF6AD8 /* AudioToolbox.framework */,
			);
			name = Frameworks;
			sourceTree = "<group>";
		};
/* End PBXGroup section */

/* Begin PBXNativeTarget section */
		3CE3B1D11A82831700FF6AD8 /* ParseTutorial */ = {
			isa = PBXNativeTarget;
			buildConfigurationList = 3CE3B1F11A82831700FF6AD8 /* Build configuration list for PBXNativeTarget "ParseTutorial" */;
			buildPhases = (
				3CE3B1CE1A82831700FF6AD8 /* Sources */,
				3CE3B1CF1A82831700FF6AD8 /* Frameworks */,
				3CE3B1D01A82831700FF6AD8 /* Resources */,
			);
			buildRules = (
			);
			dependencies = (
			);
			name = ParseTutorial;
			productName = ParseTutorial;
			productReference = 3CE3B1D21A82831700FF6AD8 /* forests.app */;
			productType = "com.apple.product-type.application";
		};
/* End PBXNativeTarget section */

/* Begin PBXProject section */
		3CE3B1CA1A82831700FF6AD8 /* Project object */ = {
			isa = PBXProject;
			attributes = {
				LastSwiftUpdateCheck = 0700;
				LastUpgradeCheck = 0700;
				ORGANIZATIONNAME = "bizzi-body";
				TargetAttributes = {
					3CE3B1D11A82831700FF6AD8 = {
						CreatedOnToolsVersion = 6.1.1;
					};
				};
			};
			buildConfigurationList = 3CE3B1CD1A82831700FF6AD8 /* Build configuration list for PBXProject "forests" */;
			compatibilityVersion = "Xcode 3.2";
			developmentRegion = English;
			hasScannedForEncodings = 0;
			knownRegions = (
				en,
				Base,
			);
			mainGroup = 3CE3B1C91A82831700FF6AD8;
			productRefGroup = 3CE3B1D31A82831700FF6AD8 /* Products */;
			projectDirPath = "";
			projectRoot = "";
			targets = (
				3CE3B1D11A82831700FF6AD8 /* ParseTutorial */,
			);
		};
/* End PBXProject section */

/* Begin PBXResourcesBuildPhase section */
		3CE3B1D01A82831700FF6AD8 /* Resources */ = {
			isa = PBXResourcesBuildPhase;
			buildActionMask = 2147483647;
			files = (
				351102EA1BA4A7E9006B6987 /* Images.xcassets in Resources */,
				351102E51BA4A7D9006B6987 /* LaunchScreen.xib in Resources */,
				351103021BA4B067006B6987 /* Main.storyboard in Resources */,
			);
			runOnlyForDeploymentPostprocessing = 0;
		};
/* End PBXResourcesBuildPhase section */

/* Begin PBXSourcesBuildPhase section */
		3CE3B1CE1A82831700FF6AD8 /* Sources */ = {
			isa = PBXSourcesBuildPhase;
			buildActionMask = 2147483647;
			files = (
				3560436F1BA53D2F00EB1B38 /* TableViewCell.swift in Sources */,
				351102E81BA4A7E1006B6987 /* ViewController.swift in Sources */,
				351102FA1BA4AE3D006B6987 /* TableViewController.swift in Sources */,
				351102DF1BA4A7A9006B6987 /* AppDelegate.swift in Sources */,
				3554BDE41BA5465400D8D84B /* BloombergObject.swift in Sources */,
				351102FD1BA4AEA0006B6987 /* DetailViewController.swift in Sources */,
			);
			runOnlyForDeploymentPostprocessing = 0;
		};
/* End PBXSourcesBuildPhase section */

/* Begin PBXVariantGroup section */
		351102E11BA4A7D9006B6987 /* LaunchScreen.xib */ = {
			isa = PBXVariantGroup;
			children = (
				351102E21BA4A7D9006B6987 /* Base */,
			);
			name = LaunchScreen.xib;
			sourceTree = "<group>";
		};
		351103001BA4B067006B6987 /* Main.storyboard */ = {
			isa = PBXVariantGroup;
			children = (
				351103011BA4B067006B6987 /* Base */,
			);
			name = Main.storyboard;
			sourceTree = "<group>";
		};
/* End PBXVariantGroup section */

/* Begin XCBuildConfiguration section */
		3CE3B1EF1A82831700FF6AD8 /* Debug */ = {
			isa = XCBuildConfiguration;
			buildSettings = {
				ALWAYS_SEARCH_USER_PATHS = NO;
				CLANG_CXX_LANGUAGE_STANDARD = "gnu++0x";
				CLANG_CXX_LIBRARY = "libc++";
				CLANG_ENABLE_MODULES = YES;
				CLANG_ENABLE_OBJC_ARC = YES;
				CLANG_WARN_BOOL_CONVERSION = YES;
				CLANG_WARN_CONSTANT_CONVERSION = YES;
				CLANG_WARN_DIRECT_OBJC_ISA_USAGE = YES_ERROR;
				CLANG_WARN_EMPTY_BODY = YES;
				CLANG_WARN_ENUM_CONVERSION = YES;
				CLANG_WARN_INT_CONVERSION = YES;
				CLANG_WARN_OBJC_ROOT_CLASS = YES_ERROR;
				CLANG_WARN_UNREACHABLE_CODE = YES;
				CLANG_WARN__DUPLICATE_METHOD_MATCH = YES;
				"CODE_SIGN_IDENTITY[sdk=iphoneos*]" = "iPhone Developer";
				COPY_PHASE_STRIP = NO;
				ENABLE_STRICT_OBJC_MSGSEND = YES;
				ENABLE_TESTABILITY = YES;
				GCC_C_LANGUAGE_STANDARD = gnu99;
				GCC_DYNAMIC_NO_PIC = NO;
				GCC_OPTIMIZATION_LEVEL = 0;
				GCC_PREPROCESSOR_DEFINITIONS = (
					"DEBUG=1",
					"$(inherited)",
				);
				GCC_SYMBOLS_PRIVATE_EXTERN = NO;
				GCC_WARN_64_TO_32_BIT_CONVERSION = YES;
				GCC_WARN_ABOUT_RETURN_TYPE = YES_ERROR;
				GCC_WARN_UNDECLARED_SELECTOR = YES;
				GCC_WARN_UNINITIALIZED_AUTOS = YES_AGGRESSIVE;
				GCC_WARN_UNUSED_FUNCTION = YES;
				GCC_WARN_UNUSED_VARIABLE = YES;
				IPHONEOS_DEPLOYMENT_TARGET = 8.4;
				MTL_ENABLE_DEBUG_INFO = YES;
				ONLY_ACTIVE_ARCH = YES;
				SDKROOT = iphoneos;
				SWIFT_OPTIMIZATION_LEVEL = "-Onone";
				TARGETED_DEVICE_FAMILY = "1,2";
			};
			name = Debug;
		};
		3CE3B1F01A82831700FF6AD8 /* Release */ = {
			isa = XCBuildConfiguration;
			buildSettings = {
				ALWAYS_SEARCH_USER_PATHS = NO;
				CLANG_CXX_LANGUAGE_STANDARD = "gnu++0x";
				CLANG_CXX_LIBRARY = "libc++";
				CLANG_ENABLE_MODULES = YES;
				CLANG_ENABLE_OBJC_ARC = YES;
				CLANG_WARN_BOOL_CONVERSION = YES;
				CLANG_WARN_CONSTANT_CONVERSION = YES;
				CLANG_WARN_DIRECT_OBJC_ISA_USAGE = YES_ERROR;
				CLANG_WARN_EMPTY_BODY = YES;
				CLANG_WARN_ENUM_CONVERSION = YES;
				CLANG_WARN_INT_CONVERSION = YES;
				CLANG_WARN_OBJC_ROOT_CLASS = YES_ERROR;
				CLANG_WARN_UNREACHABLE_CODE = YES;
				CLANG_WARN__DUPLICATE_METHOD_MATCH = YES;
				"CODE_SIGN_IDENTITY[sdk=iphoneos*]" = "iPhone Developer";
				COPY_PHASE_STRIP = YES;
				ENABLE_NS_ASSERTIONS = NO;
				ENABLE_STRICT_OBJC_MSGSEND = YES;
				GCC_C_LANGUAGE_STANDARD = gnu99;
				GCC_WARN_64_TO_32_BIT_CONVERSION = YES;
				GCC_WARN_ABOUT_RETURN_TYPE = YES_ERROR;
				GCC_WARN_UNDECLARED_SELECTOR = YES;
				GCC_WARN_UNINITIALIZED_AUTOS = YES_AGGRESSIVE;
				GCC_WARN_UNUSED_FUNCTION = YES;
				GCC_WARN_UNUSED_VARIABLE = YES;
				IPHONEOS_DEPLOYMENT_TARGET = 8.4;
				MTL_ENABLE_DEBUG_INFO = NO;
				SDKROOT = iphoneos;
				TARGETED_DEVICE_FAMILY = "1,2";
				VALIDATE_PRODUCT = YES;
			};
			name = Release;
		};
		3CE3B1F21A82831700FF6AD8 /* Debug */ = {
			isa = XCBuildConfiguration;
			buildSettings = {
				ASSETCATALOG_COMPILER_APPICON_NAME = AppIcon;
				CLANG_ENABLE_MODULES = YES;
				CODE_SIGN_IDENTITY = "iPhone Developer";
				"CODE_SIGN_IDENTITY[sdk=iphoneos*]" = "iPhone Developer";
				ENABLE_BITCODE = NO;
				FRAMEWORK_SEARCH_PATHS = (
					"$(inherited)",
					"$(PROJECT_DIR)/forests",
					"$(PROJECT_DIR)",
				);
				INFOPLIST_FILE = "$(SRCROOT)/forests/Info.plist";
				LD_RUNPATH_SEARCH_PATHS = "$(inherited) @executable_path/Frameworks";
				PRODUCT_BUNDLE_IDENTIFIER = com.sujay.forests;
				PRODUCT_NAME = forests;
				PROVISIONING_PROFILE = "";
				SWIFT_OBJC_BRIDGING_HEADER = "forests-Bridging-Header.h";
				SWIFT_OPTIMIZATION_LEVEL = "-Onone";
			};
			name = Debug;
		};
		3CE3B1F31A82831700FF6AD8 /* Release */ = {
			isa = XCBuildConfiguration;
			buildSettings = {
				ASSETCATALOG_COMPILER_APPICON_NAME = AppIcon;
				CLANG_ENABLE_MODULES = YES;
				CODE_SIGN_IDENTITY = "iPhone Developer";
				"CODE_SIGN_IDENTITY[sdk=iphoneos*]" = "iPhone Developer";
				ENABLE_BITCODE = NO;
				FRAMEWORK_SEARCH_PATHS = (
					"$(inherited)",
					"$(PROJECT_DIR)/forests",
					"$(PROJECT_DIR)",
				);
				INFOPLIST_FILE = "$(SRCROOT)/forests/Info.plist";
				LD_RUNPATH_SEARCH_PATHS = "$(inherited) @executable_path/Frameworks";
				PRODUCT_BUNDLE_IDENTIFIER = com.sujay.forests;
				PRODUCT_NAME = forests;
				PROVISIONING_PROFILE = "";
				SWIFT_OBJC_BRIDGING_HEADER = "forests-Bridging-Header.h";
			};
			name = Release;
		};
/* End XCBuildConfiguration section */

/* Begin XCConfigurationList section */
		3CE3B1CD1A82831700FF6AD8 /* Build configuration list for PBXProject "forests" */ = {
			isa = XCConfigurationList;
			buildConfigurations = (
				3CE3B1EF1A82831700FF6AD8 /* Debug */,
				3CE3B1F01A82831700FF6AD8 /* Release */,
			);
			defaultConfigurationIsVisible = 0;
			defaultConfigurationName = Release;
		};
		3CE3B1F11A82831700FF6AD8 /* Build configuration list for PBXNativeTarget "ParseTutorial" */ = {
			isa = XCConfigurationList;
			buildConfigurations = (
				3CE3B1F21A82831700FF6AD8 /* Debug */,
				3CE3B1F31A82831700FF6AD8 /* Release */,
			);
			defaultConfigurationIsVisible = 0;
			defaultConfigurationName = Release;
		};
/* End XCConfigurationList section */
	};
	rootObject = 3CE3B1CA1A82831700FF6AD8 /* Project object */;
}
